
Microsoft Visual Studio Solution File, Format Version 12.00
# Visual Studio Version 17
VisualStudioVersion = 17.7.34031.279
MinimumVisualStudioVersion = 10.0.40219.1
Project("{FAE04EC0-301F-11D3-BF4B-00C04F79EFBC}") = "mobil_sinav2", "mobil_sinav2\mobil_sinav2.csproj", "{E7CEA249-5A6B-4E22-A3A1-CBE4D07F262F}"
EndProject
Global
	GlobalSection(SolutionConfigurationPlatforms) = preSolution
		Debug|Any CPU = Debug|Any CPU
		Release|Any CPU = Release|Any CPU
	EndGlobalSection
	GlobalSection(ProjectConfigurationPlatforms) = postSolution
		{E7CEA249-5A6B-4E22-A3A1-CBE4D07F262F}.Debug|Any CPU.ActiveCfg = Debug|Any CPU
		{E7CEA249-5A6B-4E22-A3A1-CBE4D07F262F}.Debug|Any CPU.Build.0 = Debug|Any CPU
		{E7CEA249-5A6B-4E22-A3A1-CBE4D07F262F}.Release|Any CPU.ActiveCfg = Release|Any CPU
		{E7CEA249-5A6B-4E22-A3A1-CBE4D07F262F}.Release|Any CPU.Build.0 = Release|Any CPU
	EndGlobalSection
	GlobalSection(SolutionProperties) = preSolution
		HideSolutionNode = FALSE
	EndGlobalSection
	GlobalSection(ExtensibilityGlobals) = postSolution
		SolutionGuid = {3CA8A52C-D231-4116-BE6D-C52FACDA40E4}
	EndGlobalSection
EndGlobal
